<?xml version="1.0" encoding="utf-8"?>
<Project ToolsVersion="4.0" xmlns="http://schemas.microsoft.com/developer/msbuild/2003">
  <ItemGroup>
    <Filter Include="Application">
      <UniqueIdentifier>{60da4e8b-fa1a-4484-8aab-2cd1e973bd35}</UniqueIdentifier>
    </Filter>
    <Filter Include="Gameplay">
      <UniqueIdentifier>{914dc925-ca94-48d6-9ce4-27d0f2001573}</UniqueIdentifier>
    </Filter>
    <Filter Include="Engine">
      <UniqueIdentifier>{2b2aa780-1f81-42ec-b755-bb9ddf2f81bb}</UniqueIdentifier>
    </Filter>
    <Filter Include="GameScreen">
      <UniqueIdentifier>{a0a3f32c-a791-4cfd-adfe-e94f713dcd2c}</UniqueIdentifier>
    </Filter>
    <Filter Include="MainMenu">
      <UniqueIdentifier>{bc7f3ec5-cb23-4f7b-8ffb-256e1bb781be}</UniqueIdentifier>
    </Filter>
    <Filter Include="Engine\Physics">
      <UniqueIdentifier>{3184db56-2738-410d-87a4-38358304b4a5}</UniqueIdentifier>
    </Filter>
    <Filter Include="Engine\Math">
      <UniqueIdentifier>{42b92b9d-d835-4e01-9c9f-20a80a400ae3}</UniqueIdentifier>
    </Filter>
    <Filter Include="Engine\Managers">
      <UniqueIdentifier>{46f68181-5dd8-4c15-9c2c-3ff992082615}</UniqueIdentifier>
    </Filter>
    <Filter Include="UI">
      <UniqueIdentifier>{c383c93c-0c11-4ec2-a239-aa5d9be9ed98}</UniqueIdentifier>
    </Filter>
  </ItemGroup>
  <ItemGroup>
    <ClCompile Include="OrbitalMain.cpp">
      <Filter>Application</Filter>
    </ClCompile>
    <ClCompile Include="GameScreen.cpp">
      <Filter>GameScreen</Filter>
    </ClCompile>
    <ClCompile Include="StartScreen.cpp">
      <Filter>MainMenu</Filter>
    </ClCompile>
    <ClCompile Include="GameWorld.cpp">
      <Filter>Gameplay</Filter>
    </ClCompile>
    <ClCompile Include="Asteroid.cpp">
      <Filter>Gameplay</Filter>
    </ClCompile>
    <ClCompile Include="GameScreenHud.cpp">
      <Filter>GameScreen</Filter>
    </ClCompile>
    <ClCompile Include="GameScreenMenu.cpp">
      <Filter>GameScreen</Filter>
    </ClCompile>
    <ClCompile Include="PhysicsManager.cpp">
      <Filter>Engine\Physics</Filter>
    </ClCompile>
    <ClCompile Include="OrbitsMath.cpp">
      <Filter>Engine\Math</Filter>
    </ClCompile>
    <ClCompile Include="PlayerShip.cpp">
      <Filter>Gameplay</Filter>
    </ClCompile>
    <ClCompile Include="Planet.cpp">
      <Filter>Gameplay</Filter>
    </ClCompile>
    <ClCompile Include="OrbitsContactListener.cpp">
      <Filter>Engine\Physics</Filter>
    </ClCompile>
    <ClCompile Include="Harpoon.cpp">
      <Filter>Gameplay</Filter>
    </ClCompile>
    <ClCompile Include="ScreenManager.cpp">
      <Filter>Engine\Managers</Filter>
    </ClCompile>
    <ClCompile Include="Settings.cpp">
      <Filter>Engine\Managers</Filter>
    </ClCompile>
    <ClCompile Include="SoundManager.cpp">
      <Filter>Engine\Managers</Filter>
    </ClCompile>
    <ClCompile Include="TextureManager.cpp">
      <Filter>Engine\Managers</Filter>
    </ClCompile>
    <ClCompile Include="MusicManager.cpp">
      <Filter>Engine\Managers</Filter>
    </ClCompile>
    <ClCompile Include="CollectorBeam.cpp">
      <Filter>Gameplay</Filter>
    </ClCompile>
    <ClCompile Include="Btn.cpp">
      <Filter>UI</Filter>
    </ClCompile>
    <ClCompile Include="MainMenuBackground.cpp">
      <Filter>MainMenu</Filter>
    </ClCompile>
    <ClCompile Include="ParticleManager.cpp">
      <Filter>Engine\Managers</Filter>
    </ClCompile>
    <ClCompile Include="GameOverScreen.cpp">
      <Filter>GameScreen</Filter>
    </ClCompile>
    <ClCompile Include="Background.cpp">
      <Filter>Gameplay</Filter>
    </ClCompile>
    <ClCompile Include="Slider.cpp">
      <Filter>UI</Filter>
    </ClCompile>
    <ClCompile Include="OptionsMenu.cpp">
      <Filter>MainMenu</Filter>
    </ClCompile>
    <ClCompile Include="Mine.cpp">
      <Filter>Gameplay</Filter>
    </ClCompile>
    <ClCompile Include="CompletionScreen.cpp">
      <Filter>GameScreen</Filter>
    </ClCompile>
    <ClCompile Include="Mission.cpp">
      <Filter>Gameplay</Filter>
    </ClCompile>
    <ClCompile Include="HelpScreen.cpp">
      <Filter>MainMenu</Filter>
    </ClCompile>
    <ClCompile Include="Cursor.cpp">
      <Filter>UI</Filter>
    </ClCompile>
    <ClCompile Include="Notification.cpp">
      <Filter>UI</Filter>
    </ClCompile>
  </ItemGroup>
  <ItemGroup>
    <ClInclude Include="GameScreen.h">
      <Filter>GameScreen</Filter>
    </ClInclude>
    <ClInclude Include="StartScreen.h">
      <Filter>MainMenu</Filter>
    </ClInclude>
    <ClInclude Include="GameWorld.h">
      <Filter>Gameplay</Filter>
    </ClInclude>
    <ClInclude Include="Asteroid.h">
      <Filter>Gameplay</Filter>
    </ClInclude>
    <ClInclude Include="GameScreenHud.h">
      <Filter>GameScreen</Filter>
    </ClInclude>
    <ClInclude Include="GameScreenMenu.h">
      <Filter>GameScreen</Filter>
    </ClInclude>
    <ClInclude Include="OrbitsMath.h">
      <Filter>Engine\Math</Filter>
    </ClInclude>
    <ClInclude Include="GameObject.h">
      <Filter>Gameplay</Filter>
    </ClInclude>
    <ClInclude Include="IScreen.h">
      <Filter>Engine</Filter>
    </ClInclude>
    <ClInclude Include="Planet.h">
      <Filter>Gameplay</Filter>
    </ClInclude>
    <ClInclude Include="PlayerShip.h">
      <Filter>Gameplay</Filter>
    </ClInclude>
    <ClInclude Include="OrbitsContactListener.h">
      <Filter>Engine\Physics</Filter>
    </ClInclude>
    <ClInclude Include="Harpoon.h">
      <Filter>Gameplay</Filter>
    </ClInclude>
    <ClInclude Include="SoundManager.h">
      <Filter>Engine\Managers</Filter>
    </ClInclude>
    <ClInclude Include="ScreenManager.h">
      <Filter>Engine\Managers</Filter>
    </ClInclude>
    <ClInclude Include="Settings.h">
      <Filter>Engine\Managers</Filter>
    </ClInclude>
    <ClInclude Include="TextureManager.h">
      <Filter>Engine\Managers</Filter>
    </ClInclude>
    <ClInclude Include="MusicManager.h">
      <Filter>Engine\Managers</Filter>
    </ClInclude>
    <ClInclude Include="CollectorBeam.h">
      <Filter>Gameplay</Filter>
    </ClInclude>
    <ClInclude Include="Btn.h">
      <Filter>UI</Filter>
    </ClInclude>
    <ClInclude Include="MainMenuBackground.h">
      <Filter>MainMenu</Filter>
    </ClInclude>
    <ClInclude Include="ParticleManager.h">
      <Filter>Engine\Managers</Filter>
    </ClInclude>
    <ClInclude Include="GameOverScreen.h">
      <Filter>GameScreen</Filter>
    </ClInclude>
    <ClInclude Include="Background.h">
      <Filter>Gameplay</Filter>
    </ClInclude>
    <ClInclude Include="Slider.h">
      <Filter>UI</Filter>
    </ClInclude>
    <ClInclude Include="OptionsMenu.h">
      <Filter>MainMenu</Filter>
    </ClInclude>
    <ClInclude Include="Mine.h">
      <Filter>Gameplay</Filter>
    </ClInclude>
    <ClInclude Include="PhysicsManager.h">
      <Filter>Engine\Physics</Filter>
    </ClInclude>
    <ClInclude Include="CompletionScreen.h">
      <Filter>GameScreen</Filter>
    </ClInclude>
    <ClInclude Include="Mission.h">
      <Filter>Gameplay</Filter>
    </ClInclude>
    <ClInclude Include="HelpScreen.h">
      <Filter>MainMenu</Filter>
    </ClInclude>
    <ClInclude Include="Cursor.h">
      <Filter>UI</Filter>
    </ClInclude>
    <ClInclude Include="Notification.h">
      <Filter>UI</Filter>
    </ClInclude>
  </ItemGroup>
</Project>